
Microsoft Visual Studio Solution File, Format Version 12.00
# Visual Studio Version 16
VisualStudioVersion = 16.0.29728.190
MinimumVisualStudioVersion = 10.0.40219.1
Project("{9A19103F-16F7-4668-BE54-9A1E7A4F7556}") = "DotNetSwaggerVictorLimao", "DotNetSwaggerVictorLimao\DotNetSwaggerVictorLimao.csproj", "{7D0F27FF-2020-4098-BF71-2C13D8A1B673}"
EndProject
Project("{FAE04EC0-301F-11D3-BF4B-00C04F79EFBC}") = "MVC", "MVC\MVC.csproj", "{7369B52D-A33E-4AED-88B6-AF89FD904D68}"
EndProject
Project("{FAE04EC0-301F-11D3-BF4B-00C04F79EFBC}") = "WindowsForms", "WindowsForms\WindowsForms.csproj", "{9A1DCE97-2EB5-429C-B267-700AE3C4C31F}"
EndProject
Global
	GlobalSection(SolutionConfigurationPlatforms) = preSolution
		Debug|Any CPU = Debug|Any CPU
		Release|Any CPU = Release|Any CPU
	EndGlobalSection
	GlobalSection(ProjectConfigurationPlatforms) = postSolution
		{7D0F27FF-2020-4098-BF71-2C13D8A1B673}.Debug|Any CPU.ActiveCfg = Debug|Any CPU
		{7D0F27FF-2020-4098-BF71-2C13D8A1B673}.Debug|Any CPU.Build.0 = Debug|Any CPU
		{7D0F27FF-2020-4098-BF71-2C13D8A1B673}.Release|Any CPU.ActiveCfg = Release|Any CPU
		{7D0F27FF-2020-4098-BF71-2C13D8A1B673}.Release|Any CPU.Build.0 = Release|Any CPU
		{7369B52D-A33E-4AED-88B6-AF89FD904D68}.Debug|Any CPU.ActiveCfg = Debug|Any CPU
		{7369B52D-A33E-4AED-88B6-AF89FD904D68}.Debug|Any CPU.Build.0 = Debug|Any CPU
		{7369B52D-A33E-4AED-88B6-AF89FD904D68}.Release|Any CPU.ActiveCfg = Release|Any CPU
		{7369B52D-A33E-4AED-88B6-AF89FD904D68}.Release|Any CPU.Build.0 = Release|Any CPU
		{9A1DCE97-2EB5-429C-B267-700AE3C4C31F}.Debug|Any CPU.ActiveCfg = Debug|Any CPU
		{9A1DCE97-2EB5-429C-B267-700AE3C4C31F}.Debug|Any CPU.Build.0 = Debug|Any CPU
		{9A1DCE97-2EB5-429C-B267-700AE3C4C31F}.Release|Any CPU.ActiveCfg = Release|Any CPU
		{9A1DCE97-2EB5-429C-B267-700AE3C4C31F}.Release|Any CPU.Build.0 = Release|Any CPU
	EndGlobalSection
	GlobalSection(SolutionProperties) = preSolution
		HideSolutionNode = FALSE
	EndGlobalSection
	GlobalSection(ExtensibilityGlobals) = postSolution
		SolutionGuid = {424C2D7F-6BBA-442A-A6A5-A212CFF4BA67}
	EndGlobalSection
EndGlobal
